<?xml version="1.0" encoding="utf-8"?>
<Project ToolsVersion="4.0" xmlns="http://schemas.microsoft.com/developer/msbuild/2003">
  <ItemGroup>
    <Filter Include="Source Files">
      <UniqueIdentifier>{4FC737F1-C7A5-4376-A066-2A32D752A2FF}</UniqueIdentifier>
      <Extensions>cpp;c;cc;cxx;def;odl;idl;hpj;bat;asm;asmx</Extensions>
    </Filter>
    <Filter Include="Header Files">
      <UniqueIdentifier>{93995380-89BD-4b04-88EB-625FBE52EBFB}</UniqueIdentifier>
      <Extensions>h;hh;hpp;hxx;hm;inl;inc;xsd</Extensions>
    </Filter>
    <Filter Include="Resource Files">
      <UniqueIdentifier>{67DA6AB6-F800-4c08-8B7A-83BB121AAD01}</UniqueIdentifier>
      <Extensions>rc;ico;cur;bmp;dlg;rc2;rct;bin;rgs;gif;jpg;jpeg;jpe;resx;tiff;tif;png;wav;mfcribbon-ms</Extensions>
    </Filter>
    <Filter Include="Header Files\base">
      <UniqueIdentifier>{de740da0-8f08-4be9-b7a0-186327005b54}</UniqueIdentifier>
    </Filter>
    <Filter Include="Header Files\model">
      <UniqueIdentifier>{3edd963f-ab04-48ee-84b8-fa6a25703f86}</UniqueIdentifier>
    </Filter>
    <Filter Include="Source Files\base">
      <UniqueIdentifier>{cda1a20c-eecf-4de5-b31b-1e8f865b4082}</UniqueIdentifier>
    </Filter>
    <Filter Include="Source Files\model">
      <UniqueIdentifier>{819259f7-e8b3-4e1a-9456-ebf683c8a3d6}</UniqueIdentifier>
    </Filter>
    <Filter Include="Source Files\driver">
      <UniqueIdentifier>{d0f7434c-e4d9-4fa7-8aa5-c7ae0cb82aaa}</UniqueIdentifier>
    </Filter>
    <Filter Include="Header Files\graph">
      <UniqueIdentifier>{6fd63819-c409-481b-a0e2-67d700ab98ef}</UniqueIdentifier>
    </Filter>
    <Filter Include="Source Files\graph">
      <UniqueIdentifier>{30642e7e-a09b-4cad-b618-57676dc98ea9}</UniqueIdentifier>
    </Filter>
  </ItemGroup>
  <ItemGroup>
    <ClInclude Include="ctext.h">
      <Filter>Header Files\base</Filter>
    </ClInclude>
    <ClInclude Include="cerror.h">
      <Filter>Header Files\base</Filter>
    </ClInclude>
    <ClInclude Include="bitseq.h">
      <Filter>Header Files\base</Filter>
    </ClInclude>
    <ClInclude Include="cfile.h">
      <Filter>Header Files\model</Filter>
    </ClInclude>
    <ClInclude Include="ctest.h">
      <Filter>Header Files\model</Filter>
    </ClInclude>
    <ClInclude Include="cmutant.h">
      <Filter>Header Files\model</Filter>
    </ClInclude>
    <ClInclude Include="ctrace.h">
      <Filter>Header Files\model</Filter>
    </ClInclude>
    <ClInclude Include="cscore.h">
      <Filter>Header Files\model</Filter>
    </ClInclude>
    <ClInclude Include="cscript.h">
      <Filter>Header Files\model</Filter>
    </ClInclude>
    <ClInclude Include="mgraph.h">
      <Filter>Header Files\graph</Filter>
    </ClInclude>
    <ClInclude Include="suoprt.h">
      <Filter>Header Files\graph</Filter>
    </ClInclude>
    <ClInclude Include="sgraph.h">
      <Filter>Header Files\graph</Filter>
    </ClInclude>
    <ClInclude Include="mclass.h">
      <Filter>Header Files\graph</Filter>
    </ClInclude>
    <ClInclude Include="cfunc.h">
      <Filter>Header Files\model</Filter>
    </ClInclude>
    <ClInclude Include="domset.h">
      <Filter>Header Files\graph</Filter>
    </ClInclude>
  </ItemGroup>
  <ItemGroup>
    <ClCompile Include="bitseq.cpp">
      <Filter>Source Files\base</Filter>
    </ClCompile>
    <ClCompile Include="ctext.cpp">
      <Filter>Source Files\base</Filter>
    </ClCompile>
    <ClCompile Include="cfile.cpp">
      <Filter>Source Files\model</Filter>
    </ClCompile>
    <ClCompile Include="ctest.cpp">
      <Filter>Source Files\model</Filter>
    </ClCompile>
    <ClCompile Include="cmutant.cpp">
      <Filter>Source Files\model</Filter>
    </ClCompile>
    <ClCompile Include="cscript.cpp">
      <Filter>Source Files\model</Filter>
    </ClCompile>
    <ClCompile Include="cscore.cpp">
      <Filter>Source Files\model</Filter>
    </ClCompile>
    <ClCompile Include="ctrace.cpp">
      <Filter>Source Files\model</Filter>
    </ClCompile>
    <ClCompile Include="covmut.cpp">
      <Filter>Source Files\driver</Filter>
    </ClCompile>
    <ClCompile Include="gentest.cpp">
      <Filter>Source Files\driver</Filter>
    </ClCompile>
    <ClCompile Include="mgraph.cpp">
      <Filter>Source Files\graph</Filter>
    </ClCompile>
    <ClCompile Include="autotest.cpp">
      <Filter>Source Files\driver</Filter>
    </ClCompile>
    <ClCompile Include="suoprt.cpp">
      <Filter>Source Files\graph</Filter>
    </ClCompile>
    <ClCompile Include="sgraph.cpp">
      <Filter>Source Files\graph</Filter>
    </ClCompile>
    <ClCompile Include="msgtest.cpp">
      <Filter>Source Files\driver</Filter>
    </ClCompile>
    <ClCompile Include="mclass.cpp">
      <Filter>Source Files\graph</Filter>
    </ClCompile>
    <ClCompile Include="cfunc.cpp">
      <Filter>Source Files\model</Filter>
    </ClCompile>
    <ClCompile Include="domset.cpp">
      <Filter>Source Files\graph</Filter>
    </ClCompile>
    <ClCompile Include="domsettest.cpp">
      <Filter>Source Files\driver</Filter>
    </ClCompile>
    <ClCompile Include="msgtest2.cpp">
      <Filter>Source Files\driver</Filter>
    </ClCompile>
    <ClCompile Include="msgtest3.cpp">
      <Filter>Source Files\driver</Filter>
    </ClCompile>
  </ItemGroup>
</Project>